// !$*UTF8*$!
{
	archiveVersion = 1;
	classes = {
	};
	objectVersion = 46;
	objects = {

/* Begin PBXBuildFile section */
		CE1236F01A9D655B00E9F9FE /* AppDelegate.swift in Sources */ = {isa = PBXBuildFile; fileRef = CE1236EF1A9D655B00E9F9FE /* AppDelegate.swift */; };
		CE1236F21A9D655B00E9F9FE /* RootViewController.swift in Sources */ = {isa = PBXBuildFile; fileRef = CE1236F11A9D655B00E9F9FE /* RootViewController.swift */; };
		CE1236F41A9D655B00E9F9FE /* DataViewController.swift in Sources */ = {isa = PBXBuildFile; fileRef = CE1236F31A9D655B00E9F9FE /* DataViewController.swift */; };
		CE1236F61A9D655B00E9F9FE /* ModelController.swift in Sources */ = {isa = PBXBuildFile; fileRef = CE1236F51A9D655B00E9F9FE /* ModelController.swift */; };
		CE1236F91A9D655B00E9F9FE /* Main.storyboard in Resources */ = {isa = PBXBuildFile; fileRef = CE1236F71A9D655B00E9F9FE /* Main.storyboard */; };
		CE1236FB1A9D655B00E9F9FE /* Images.xcassets in Resources */ = {isa = PBXBuildFile; fileRef = CE1236FA1A9D655B00E9F9FE /* Images.xcassets */; };
		CE1236FE1A9D655B00E9F9FE /* LaunchScreen.xib in Resources */ = {isa = PBXBuildFile; fileRef = CE1236FC1A9D655B00E9F9FE /* LaunchScreen.xib */; };
		CE12370A1A9D655B00E9F9FE /* PageTestTests.swift in Sources */ = {isa = PBXBuildFile; fileRef = CE1237091A9D655B00E9F9FE /* PageTestTests.swift */; };
/* End PBXBuildFile section */

/* Begin PBXContainerItemProxy section */
		CE1237041A9D655B00E9F9FE /* PBXContainerItemProxy */ = {
			isa = PBXContainerItemProxy;
			containerPortal = CE1236E21A9D655B00E9F9FE /* Project object */;
			proxyType = 1;
			remoteGlobalIDString = CE1236E91A9D655B00E9F9FE;
			remoteInfo = PageTest;
		};
/* End PBXContainerItemProxy section */

/* Begin PBXFileReference section */
		CE1236EA1A9D655B00E9F9FE /* PageTest.app */ = {isa = PBXFileReference; explicitFileType = wrapper.application; includeInIndex = 0; path = PageTest.app; sourceTree = BUILT_PRODUCTS_DIR; };
		CE1236EE1A9D655B00E9F9FE /* Info.plist */ = {isa = PBXFileReference; lastKnownFileType = text.plist.xml; path = Info.plist; sourceTree = "<group>"; };
		CE1236EF1A9D655B00E9F9FE /* AppDelegate.swift */ = {isa = PBXFileReference; lastKnownFileType = sourcecode.swift; path = AppDelegate.swift; sourceTree = "<group>"; };
		CE1236F11A9D655B00E9F9FE /* RootViewController.swift */ = {isa = PBXFileReference; lastKnownFileType = sourcecode.swift; path = RootViewController.swift; sourceTree = "<group>"; };
		CE1236F31A9D655B00E9F9FE /* DataViewController.swift */ = {isa = PBXFileReference; lastKnownFileType = sourcecode.swift; path = DataViewController.swift; sourceTree = "<group>"; };
		CE1236F51A9D655B00E9F9FE /* ModelController.swift */ = {isa = PBXFileReference; lastKnownFileType = sourcecode.swift; path = ModelController.swift; sourceTree = "<group>"; };
		CE1236F81A9D655B00E9F9FE /* Base */ = {isa = PBXFileReference; lastKnownFileType = file.storyboard; name = Base; path = Base.lproj/Main.storyboard; sourceTree = "<group>"; };
		CE1236FA1A9D655B00E9F9FE /* Images.xcassets */ = {isa = PBXFileReference; lastKnownFileType = folder.assetcatalog; path = Images.xcassets; sourceTree = "<group>"; };
		CE1236FD1A9D655B00E9F9FE /* Base */ = {isa = PBXFileReference; lastKnownFileType = file.xib; name = Base; path = Base.lproj/LaunchScreen.xib; sourceTree = "<group>"; };
		CE1237031A9D655B00E9F9FE /* PageTestTests.xctest */ = {isa = PBXFileReference; explicitFileType = wrapper.cfbundle; includeInIndex = 0; path = PageTestTests.xctest; sourceTree = BUILT_PRODUCTS_DIR; };
		CE1237081A9D655B00E9F9FE /* Info.plist */ = {isa = PBXFileReference; lastKnownFileType = text.plist.xml; path = Info.plist; sourceTree = "<group>"; };
		CE1237091A9D655B00E9F9FE /* PageTestTests.swift */ = {isa = PBXFileReference; lastKnownFileType = sourcecode.swift; path = PageTestTests.swift; sourceTree = "<group>"; };
/* End PBXFileReference section */

/* Begin PBXFrameworksBuildPhase section */
		CE1236E71A9D655B00E9F9FE /* Frameworks */ = {
			isa = PBXFrameworksBuildPhase;
			buildActionMask = 2147483647;
			files = (
			);
			runOnlyForDeploymentPostprocessing = 0;
		};
		CE1237001A9D655B00E9F9FE /* Frameworks */ = {
			isa = PBXFrameworksBuildPhase;
			buildActionMask = 2147483647;
			files = (
			);
			runOnlyForDeploymentPostprocessing = 0;
		};
/* End PBXFrameworksBuildPhase section */

/* Begin PBXGroup section */
		CE1236E11A9D655B00E9F9FE = {
			isa = PBXGroup;
			children = (
				CE1236EC1A9D655B00E9F9FE /* PageTest */,
				CE1237061A9D655B00E9F9FE /* PageTestTests */,
				CE1236EB1A9D655B00E9F9FE /* Products */,
			);
			sourceTree = "<group>";
		};
		CE1236EB1A9D655B00E9F9FE /* Products */ = {
			isa = PBXGroup;
			children = (
				CE1236EA1A9D655B00E9F9FE /* PageTest.app */,
				CE1237031A9D655B00E9F9FE /* PageTestTests.xctest */,
			);
			name = Products;
			sourceTree = "<group>";
		};
		CE1236EC1A9D655B00E9F9FE /* PageTest */ = {
			isa = PBXGroup;
			children = (
				CE1236EF1A9D655B00E9F9FE /* AppDelegate.swift */,
				CE1236F11A9D655B00E9F9FE /* RootViewController.swift */,
				CE1236F31A9D655B00E9F9FE /* DataViewController.swift */,
				CE1236F51A9D655B00E9F9FE /* ModelController.swift */,
				CE1236F71A9D655B00E9F9FE /* Main.storyboard */,
				CE1236FA1A9D655B00E9F9FE /* Images.xcassets */,
				CE1236FC1A9D655B00E9F9FE /* LaunchScreen.xib */,
				CE1236ED1A9D655B00E9F9FE /* Supporting Files */,
			);
			path = PageTest;
			sourceTree = "<group>";
		};
		CE1236ED1A9D655B00E9F9FE /* Supporting Files */ = {
			isa = PBXGroup;
			children = (
				CE1236EE1A9D655B00E9F9FE /* Info.plist */,
			);
			name = "Supporting Files";
			sourceTree = "<group>";
		};
		CE1237061A9D655B00E9F9FE /* PageTestTests */ = {
			isa = PBXGroup;
			children = (
				CE1237091A9D655B00E9F9FE /* PageTestTests.swift */,
				CE1237071A9D655B00E9F9FE /* Supporting Files */,
			);
			path = PageTestTests;
			sourceTree = "<group>";
		};
		CE1237071A9D655B00E9F9FE /* Supporting Files */ = {
			isa = PBXGroup;
			children = (
				CE1237081A9D655B00E9F9FE /* Info.plist */,
			);
			name = "Supporting Files";
			sourceTree = "<group>";
		};
/* End PBXGroup section */

/* Begin PBXNativeTarget section */
		CE1236E91A9D655B00E9F9FE /* PageTest */ = {
			isa = PBXNativeTarget;
			buildConfigurationList = CE12370D1A9D655B00E9F9FE /* Build configuration list for PBXNativeTarget "PageTest" */;
			buildPhases = (
				CE1236E61A9D655B00E9F9FE /* Sources */,
				CE1236E71A9D655B00E9F9FE /* Frameworks */,
				CE1236E81A9D655B00E9F9FE /* Resources */,
			);
			buildRules = (
			);
			dependencies = (
			);
			name = PageTest;
			productName = PageTest;
			productReference = CE1236EA1A9D655B00E9F9FE /* PageTest.app */;
			productType = "com.apple.product-type.application";
		};
		CE1237021A9D655B00E9F9FE /* PageTestTests */ = {
			isa = PBXNativeTarget;
			buildConfigurationList = CE1237101A9D655B00E9F9FE /* Build configuration list for PBXNativeTarget "PageTestTests" */;
			buildPhases = (
				CE1236FF1A9D655B00E9F9FE /* Sources */,
				CE1237001A9D655B00E9F9FE /* Frameworks */,
				CE1237011A9D655B00E9F9FE /* Resources */,
			);
			buildRules = (
			);
			dependencies = (
				CE1237051A9D655B00E9F9FE /* PBXTargetDependency */,
			);
			name = PageTestTests;
			productName = PageTestTests;
			productReference = CE1237031A9D655B00E9F9FE /* PageTestTests.xctest */;
			productType = "com.apple.product-type.bundle.unit-test";
		};
/* End PBXNativeTarget section */

/* Begin PBXProject section */
		CE1236E21A9D655B00E9F9FE /* Project object */ = {
			isa = PBXProject;
			attributes = {
				LastUpgradeCheck = 0610;
				ORGANIZATIONNAME = "Jon Farris";
				TargetAttributes = {
					CE1236E91A9D655B00E9F9FE = {
						CreatedOnToolsVersion = 6.1.1;
					};
					CE1237021A9D655B00E9F9FE = {
						CreatedOnToolsVersion = 6.1.1;
						TestTargetID = CE1236E91A9D655B00E9F9FE;
					};
				};
			};
			buildConfigurationList = CE1236E51A9D655B00E9F9FE /* Build configuration list for PBXProject "PageTest" */;
			compatibilityVersion = "Xcode 3.2";
			developmentRegion = English;
			hasScannedForEncodings = 0;
			knownRegions = (
				en,
				Base,
			);
			mainGroup = CE1236E11A9D655B00E9F9FE;
			productRefGroup = CE1236EB1A9D655B00E9F9FE /* Products */;
			projectDirPath = "";
			projectRoot = "";
			targets = (
				CE1236E91A9D655B00E9F9FE /* PageTest */,
				CE1237021A9D655B00E9F9FE /* PageTestTests */,
			);
		};
/* End PBXProject section */

/* Begin PBXResourcesBuildPhase section */
		CE1236E81A9D655B00E9F9FE /* Resources */ = {
			isa = PBXResourcesBuildPhase;
			buildActionMask = 2147483647;
			files = (
				CE1236F91A9D655B00E9F9FE /* Main.storyboard in Resources */,
				CE1236FE1A9D655B00E9F9FE /* LaunchScreen.xib in Resources */,
				CE1236FB1A9D655B00E9F9FE /* Images.xcassets in Resources */,
			);
			runOnlyForDeploymentPostprocessing = 0;
		};
		CE1237011A9D655B00E9F9FE /* Resources */ = {
			isa = PBXResourcesBuildPhase;
			buildActionMask = 2147483647;
			files = (
			);
			runOnlyForDeploymentPostprocessing = 0;
		};
/* End PBXResourcesBuildPhase section */

/* Begin PBXSourcesBuildPhase section */
		CE1236E61A9D655B00E9F9FE /* Sources */ = {
			isa = PBXSourcesBuildPhase;
			buildActionMask = 2147483647;
			files = (
				CE1236F21A9D655B00E9F9FE /* RootViewController.swift in Sources */,
				CE1236F61A9D655B00E9F9FE /* ModelController.swift in Sources */,
				CE1236F41A9D655B00E9F9FE /* DataViewController.swift in Sources */,
				CE1236F01A9D655B00E9F9FE /* AppDelegate.swift in Sources */,
			);
			runOnlyForDeploymentPostprocessing = 0;
		};
		CE1236FF1A9D655B00E9F9FE /* Sources */ = {
			isa = PBXSourcesBuildPhase;
			buildActionMask = 2147483647;
			files = (
				CE12370A1A9D655B00E9F9FE /* PageTestTests.swift in Sources */,
			);
			runOnlyForDeploymentPostprocessing = 0;
		};
/* End PBXSourcesBuildPhase section */

/* Begin PBXTargetDependency section */
		CE1237051A9D655B00E9F9FE /* PBXTargetDependency */ = {
			isa = PBXTargetDependency;
			target = CE1236E91A9D655B00E9F9FE /* PageTest */;
			targetProxy = CE1237041A9D655B00E9F9FE /* PBXContainerItemProxy */;
		};
/* End PBXTargetDependency section */

/* Begin PBXVariantGroup section */
		CE1236F71A9D655B00E9F9FE /* Main.storyboard */ = {
			isa = PBXVariantGroup;
			children = (
				CE1236F81A9D655B00E9F9FE /* Base */,
			);
			name = Main.storyboard;
			sourceTree = "<group>";
		};
		CE1236FC1A9D655B00E9F9FE /* LaunchScreen.xib */ = {
			isa = PBXVariantGroup;
			children = (
				CE1236FD1A9D655B00E9F9FE /* Base */,
			);
			name = LaunchScreen.xib;
			sourceTree = "<group>";
		};
/* End PBXVariantGroup section */

/* Begin XCBuildConfiguration section */
		CE12370B1A9D655B00E9F9FE /* Debug */ = {
			isa = XCBuildConfiguration;
			buildSettings = {
				ALWAYS_SEARCH_USER_PATHS = NO;
				CLANG_CXX_LANGUAGE_STANDARD = "gnu++0x";
				CLANG_CXX_LIBRARY = "libc++";
				CLANG_ENABLE_MODULES = YES;
				CLANG_ENABLE_OBJC_ARC = YES;
				CLANG_WARN_BOOL_CONVERSION = YES;
				CLANG_WARN_CONSTANT_CONVERSION = YES;
				CLANG_WARN_DIRECT_OBJC_ISA_USAGE = YES_ERROR;
				CLANG_WARN_EMPTY_BODY = YES;
				CLANG_WARN_ENUM_CONVERSION = YES;
				CLANG_WARN_INT_CONVERSION = YES;
				CLANG_WARN_OBJC_ROOT_CLASS = YES_ERROR;
				CLANG_WARN_UNREACHABLE_CODE = YES;
				CLANG_WARN__DUPLICATE_METHOD_MATCH = YES;
				"CODE_SIGN_IDENTITY[sdk=iphoneos*]" = "iPhone Developer";
				COPY_PHASE_STRIP = NO;
				ENABLE_STRICT_OBJC_MSGSEND = YES;
				GCC_C_LANGUAGE_STANDARD = gnu99;
				GCC_DYNAMIC_NO_PIC = NO;
				GCC_OPTIMIZATION_LEVEL = 0;
				GCC_PREPROCESSOR_DEFINITIONS = (
					"DEBUG=1",
					"$(inherited)",
				);
				GCC_SYMBOLS_PRIVATE_EXTERN = NO;
				GCC_WARN_64_TO_32_BIT_CONVERSION = YES;
				GCC_WARN_ABOUT_RETURN_TYPE = YES_ERROR;
				GCC_WARN_UNDECLARED_SELECTOR = YES;
				GCC_WARN_UNINITIALIZED_AUTOS = YES_AGGRESSIVE;
				GCC_WARN_UNUSED_FUNCTION = YES;
				GCC_WARN_UNUSED_VARIABLE = YES;
				IPHONEOS_DEPLOYMENT_TARGET = 8.1;
				MTL_ENABLE_DEBUG_INFO = YES;
				ONLY_ACTIVE_ARCH = YES;
				SDKROOT = iphoneos;
				SWIFT_OPTIMIZATION_LEVEL = "-Onone";
				TARGETED_DEVICE_FAMILY = "1,2";
			};
			name = Debug;
		};
		CE12370C1A9D655B00E9F9FE /* Release */ = {
			isa = XCBuildConfiguration;
			buildSettings = {
				ALWAYS_SEARCH_USER_PATHS = NO;
				CLANG_CXX_LANGUAGE_STANDARD = "gnu++0x";
				CLANG_CXX_LIBRARY = "libc++";
				CLANG_ENABLE_MODULES = YES;
				CLANG_ENABLE_OBJC_ARC = YES;
				CLANG_WARN_BOOL_CONVERSION = YES;
				CLANG_WARN_CONSTANT_CONVERSION = YES;
				CLANG_WARN_DIRECT_OBJC_ISA_USAGE = YES_ERROR;
				CLANG_WARN_EMPTY_BODY = YES;
				CLANG_WARN_ENUM_CONVERSION = YES;
				CLANG_WARN_INT_CONVERSION = YES;
				CLANG_WARN_OBJC_ROOT_CLASS = YES_ERROR;
				CLANG_WARN_UNREACHABLE_CODE = YES;
				CLANG_WARN__DUPLICATE_METHOD_MATCH = YES;
				"CODE_SIGN_IDENTITY[sdk=iphoneos*]" = "iPhone Developer";
				COPY_PHASE_STRIP = YES;
				ENABLE_NS_ASSERTIONS = NO;
				ENABLE_STRICT_OBJC_MSGSEND = YES;
				GCC_C_LANGUAGE_STANDARD = gnu99;
				GCC_WARN_64_TO_32_BIT_CONVERSION = YES;
				GCC_WARN_ABOUT_RETURN_TYPE = YES_ERROR;
				GCC_WARN_UNDECLARED_SELECTOR = YES;
				GCC_WARN_UNINITIALIZED_AUTOS = YES_AGGRESSIVE;
				GCC_WARN_UNUSED_FUNCTION = YES;
				GCC_WARN_UNUSED_VARIABLE = YES;
				IPHONEOS_DEPLOYMENT_TARGET = 8.1;
				MTL_ENABLE_DEBUG_INFO = NO;
				SDKROOT = iphoneos;
				TARGETED_DEVICE_FAMILY = "1,2";
				VALIDATE_PRODUCT = YES;
			};
			name = Release;
		};
		CE12370E1A9D655B00E9F9FE /* Debug */ = {
			isa = XCBuildConfiguration;
			buildSettings = {
				ASSETCATALOG_COMPILER_APPICON_NAME = AppIcon;
				INFOPLIST_FILE = PageTest/Info.plist;
				LD_RUNPATH_SEARCH_PATHS = "$(inherited) @executable_path/Frameworks";
				PRODUCT_NAME = "$(TARGET_NAME)";
			};
			name = Debug;
		};
		CE12370F1A9D655B00E9F9FE /* Release */ = {
			isa = XCBuildConfiguration;
			buildSettings = {
				ASSETCATALOG_COMPILER_APPICON_NAME = AppIcon;
				INFOPLIST_FILE = PageTest/Info.plist;
				LD_RUNPATH_SEARCH_PATHS = "$(inherited) @executable_path/Frameworks";
				PRODUCT_NAME = "$(TARGET_NAME)";
			};
			name = Release;
		};
		CE1237111A9D655B00E9F9FE /* Debug */ = {
			isa = XCBuildConfiguration;
			buildSettings = {
				BUNDLE_LOADER = "$(TEST_HOST)";
				FRAMEWORK_SEARCH_PATHS = (
					"$(SDKROOT)/Developer/Library/Frameworks",
					"$(inherited)",
				);
				GCC_PREPROCESSOR_DEFINITIONS = (
					"DEBUG=1",
					"$(inherited)",
				);
				INFOPLIST_FILE = PageTestTests/Info.plist;
				LD_RUNPATH_SEARCH_PATHS = "$(inherited) @executable_path/Frameworks @loader_path/Frameworks";
				PRODUCT_NAME = "$(TARGET_NAME)";
				TEST_HOST = "$(BUILT_PRODUCTS_DIR)/PageTest.app/PageTest";
			};
			name = Debug;
		};
		CE1237121A9D655B00E9F9FE /* Release */ = {
			isa = XCBuildConfiguration;
			buildSettings = {
				BUNDLE_LOADER = "$(TEST_HOST)";
				FRAMEWORK_SEARCH_PATHS = (
					"$(SDKROOT)/Developer/Library/Frameworks",
					"$(inherited)",
				);
				INFOPLIST_FILE = PageTestTests/Info.plist;
				LD_RUNPATH_SEARCH_PATHS = "$(inherited) @executable_path/Frameworks @loader_path/Frameworks";
				PRODUCT_NAME = "$(TARGET_NAME)";
				TEST_HOST = "$(BUILT_PRODUCTS_DIR)/PageTest.app/PageTest";
			};
			name = Release;
		};
/* End XCBuildConfiguration section */

/* Begin XCConfigurationList section */
		CE1236E51A9D655B00E9F9FE /* Build configuration list for PBXProject "PageTest" */ = {
			isa = XCConfigurationList;
			buildConfigurations = (
				CE12370B1A9D655B00E9F9FE /* Debug */,
				CE12370C1A9D655B00E9F9FE /* Release */,
			);
			defaultConfigurationIsVisible = 0;
			defaultConfigurationName = Release;
		};
		CE12370D1A9D655B00E9F9FE /* Build configuration list for PBXNativeTarget "PageTest" */ = {
			isa = XCConfigurationList;
			buildConfigurations = (
				CE12370E1A9D655B00E9F9FE /* Debug */,
				CE12370F1A9D655B00E9F9FE /* Release */,
			);
			defaultConfigurationIsVisible = 0;
			defaultConfigurationName = Release;
		};
		CE1237101A9D655B00E9F9FE /* Build configuration list for PBXNativeTarget "PageTestTests" */ = {
			isa = XCConfigurationList;
			buildConfigurations = (
				CE1237111A9D655B00E9F9FE /* Debug */,
				CE1237121A9D655B00E9F9FE /* Release */,
			);
			defaultConfigurationIsVisible = 0;
			defaultConfigurationName = Release;
		};
/* End XCConfigurationList section */
	};
	rootObject = CE1236E21A9D655B00E9F9FE /* Project object */;
}
